
Microsoft Visual Studio Solution File, Format Version 12.00
# Visual Studio 15
Project("{FAE04EC0-301F-11D3-BF4B-00C04F79EFBC}") = "OperatorExercise", "OperatorExercise\OperatorExercise.csproj", "{BE95AE22-1B59-40F9-8859-1A1F8412BD18}"
EndProject
Global
	GlobalSection(SolutionConfigurationPlatforms) = preSolution
		Debug|Any CPU = Debug|Any CPU
		Release|Any CPU = Release|Any CPU
	EndGlobalSection
	GlobalSection(ProjectConfigurationPlatforms) = postSolution
		{BE95AE22-1B59-40F9-8859-1A1F8412BD18}.Debug|Any CPU.ActiveCfg = Debug|Any CPU
		{BE95AE22-1B59-40F9-8859-1A1F8412BD18}.Debug|Any CPU.Build.0 = Debug|Any CPU
		{BE95AE22-1B59-40F9-8859-1A1F8412BD18}.Release|Any CPU.ActiveCfg = Release|Any CPU
		{BE95AE22-1B59-40F9-8859-1A1F8412BD18}.Release|Any CPU.Build.0 = Release|Any CPU
	EndGlobalSection
EndGlobal
